
Microsoft Visual Studio Solution File, Format Version 12.00
# Visual Studio Version 17
VisualStudioVersion = 17.14.36623.8
MinimumVisualStudioVersion = 10.0.40219.1
Project("{FAE04EC0-301F-11D3-BF4B-00C04F79EFBC}") = "Abstracciones", "Abstracciones\Abstracciones.csproj", "{AECC1BA9-6EE9-49C7-B52F-20C75A5F3ED9}"
EndProject
Project("{FAE04EC0-301F-11D3-BF4B-00C04F79EFBC}") = "Reglas", "Reglas\Reglas.csproj", "{A9C91504-F27D-4032-9749-E68B780AA74D}"
EndProject
Project("{FAE04EC0-301F-11D3-BF4B-00C04F79EFBC}") = "Web", "Web\Web.csproj", "{8322FCEB-F71F-4BB5-BA75-7F381F503475}"
EndProject
Global
	GlobalSection(SolutionConfigurationPlatforms) = preSolution
		Debug|Any CPU = Debug|Any CPU
		Release|Any CPU = Release|Any CPU
	EndGlobalSection
	GlobalSection(ProjectConfigurationPlatforms) = postSolution
		{AECC1BA9-6EE9-49C7-B52F-20C75A5F3ED9}.Debug|Any CPU.ActiveCfg = Debug|Any CPU
		{AECC1BA9-6EE9-49C7-B52F-20C75A5F3ED9}.Debug|Any CPU.Build.0 = Debug|Any CPU
		{AECC1BA9-6EE9-49C7-B52F-20C75A5F3ED9}.Release|Any CPU.ActiveCfg = Release|Any CPU
		{AECC1BA9-6EE9-49C7-B52F-20C75A5F3ED9}.Release|Any CPU.Build.0 = Release|Any CPU
		{A9C91504-F27D-4032-9749-E68B780AA74D}.Debug|Any CPU.ActiveCfg = Debug|Any CPU
		{A9C91504-F27D-4032-9749-E68B780AA74D}.Debug|Any CPU.Build.0 = Debug|Any CPU
		{A9C91504-F27D-4032-9749-E68B780AA74D}.Release|Any CPU.ActiveCfg = Release|Any CPU
		{A9C91504-F27D-4032-9749-E68B780AA74D}.Release|Any CPU.Build.0 = Release|Any CPU
		{8322FCEB-F71F-4BB5-BA75-7F381F503475}.Debug|Any CPU.ActiveCfg = Debug|Any CPU
		{8322FCEB-F71F-4BB5-BA75-7F381F503475}.Debug|Any CPU.Build.0 = Debug|Any CPU
		{8322FCEB-F71F-4BB5-BA75-7F381F503475}.Release|Any CPU.ActiveCfg = Release|Any CPU
		{8322FCEB-F71F-4BB5-BA75-7F381F503475}.Release|Any CPU.Build.0 = Release|Any CPU
	EndGlobalSection
	GlobalSection(SolutionProperties) = preSolution
		HideSolutionNode = FALSE
	EndGlobalSection
	GlobalSection(ExtensibilityGlobals) = postSolution
		SolutionGuid = {F318D728-1995-414E-81E3-BD55750AA999}
	EndGlobalSection
EndGlobal
